
Microsoft Visual Studio Solution File, Format Version 12.00
# Visual Studio Version 16
VisualStudioVersion = 16.0.29503.13
MinimumVisualStudioVersion = 10.0.40219.1
Project("{FAE04EC0-301F-11D3-BF4B-00C04F79EFBC}") = "MvcBasic_Clone", "MvcBasic_Clone\MvcBasic_Clone.csproj", "{1602E0F9-2A32-49D0-9C83-F3B7FEEEE01F}"
EndProject
Global
	GlobalSection(SolutionConfigurationPlatforms) = preSolution
		Debug|Any CPU = Debug|Any CPU
		Release|Any CPU = Release|Any CPU
	EndGlobalSection
	GlobalSection(ProjectConfigurationPlatforms) = postSolution
		{1602E0F9-2A32-49D0-9C83-F3B7FEEEE01F}.Debug|Any CPU.ActiveCfg = Debug|Any CPU
		{1602E0F9-2A32-49D0-9C83-F3B7FEEEE01F}.Debug|Any CPU.Build.0 = Debug|Any CPU
		{1602E0F9-2A32-49D0-9C83-F3B7FEEEE01F}.Release|Any CPU.ActiveCfg = Release|Any CPU
		{1602E0F9-2A32-49D0-9C83-F3B7FEEEE01F}.Release|Any CPU.Build.0 = Release|Any CPU
	EndGlobalSection
	GlobalSection(SolutionProperties) = preSolution
		HideSolutionNode = FALSE
	EndGlobalSection
	GlobalSection(ExtensibilityGlobals) = postSolution
		SolutionGuid = {D2EF66F8-5D90-4F28-BF3F-35389ED1964A}
	EndGlobalSection
EndGlobal
